
Microsoft Visual Studio Solution File, Format Version 12.00
# Visual Studio Version 17
VisualStudioVersion = 17.5.33530.505
MinimumVisualStudioVersion = 10.0.40219.1
Project("{9A19103F-16F7-4668-BE54-9A1E7A4F7556}") = "RoomyTestTask", "Source\RoomyTestTask\RoomyTestTask.csproj", "{66996E30-81C2-4B0E-AD23-F24EC4541D67}"
EndProject
Project("{FAE04EC0-301F-11D3-BF4B-00C04F79EFBC}") = "RoomyTestTaskTests", "Tests\RoomyTestTaskTests\RoomyTestTaskTests.csproj", "{F7074DA1-540B-4296-A578-CC843A797F7D}"
EndProject
Global
	GlobalSection(SolutionConfigurationPlatforms) = preSolution
		Debug|Any CPU = Debug|Any CPU
		Release|Any CPU = Release|Any CPU
	EndGlobalSection
	GlobalSection(ProjectConfigurationPlatforms) = postSolution
		{66996E30-81C2-4B0E-AD23-F24EC4541D67}.Debug|Any CPU.ActiveCfg = Debug|Any CPU
		{66996E30-81C2-4B0E-AD23-F24EC4541D67}.Debug|Any CPU.Build.0 = Debug|Any CPU
		{66996E30-81C2-4B0E-AD23-F24EC4541D67}.Release|Any CPU.ActiveCfg = Release|Any CPU
		{66996E30-81C2-4B0E-AD23-F24EC4541D67}.Release|Any CPU.Build.0 = Release|Any CPU
		{F7074DA1-540B-4296-A578-CC843A797F7D}.Debug|Any CPU.ActiveCfg = Debug|Any CPU
		{F7074DA1-540B-4296-A578-CC843A797F7D}.Debug|Any CPU.Build.0 = Debug|Any CPU
		{F7074DA1-540B-4296-A578-CC843A797F7D}.Release|Any CPU.ActiveCfg = Release|Any CPU
		{F7074DA1-540B-4296-A578-CC843A797F7D}.Release|Any CPU.Build.0 = Release|Any CPU
	EndGlobalSection
	GlobalSection(SolutionProperties) = preSolution
		HideSolutionNode = FALSE
	EndGlobalSection
	GlobalSection(ExtensibilityGlobals) = postSolution
		SolutionGuid = {A81BE2E4-AE86-4B8E-B4DD-B9E0DB836D72}
	EndGlobalSection
EndGlobal
